// !$*UTF8*$!
{
	archiveVersion = 1;
	classes = {
	};
	objectVersion = 51;
	objects = {

/* Begin PBXBuildFile section */
		463ED5CD3A33C125DD89764E /* Pods_Pow_WowTests.framework in Frameworks */ = {isa = PBXBuildFile; fileRef = CB4E78F0E66AE15107503C2A /* Pods_Pow_WowTests.framework */; };
		4E7DFF1A260BFFA900ACF83B /* HomePage.storyboard in Resources */ = {isa = PBXBuildFile; fileRef = 4E7DFF19260BFFA900ACF83B /* HomePage.storyboard */; };
		4E7DFF1F260BFFFC00ACF83B /* HomeViewController.swift in Sources */ = {isa = PBXBuildFile; fileRef = 4E7DFF1E260BFFFC00ACF83B /* HomeViewController.swift */; };
		4E7DFF2A260C104200ACF83B /* ConsultantCollectionCell.swift in Sources */ = {isa = PBXBuildFile; fileRef = 4E7DFF29260C104200ACF83B /* ConsultantCollectionCell.swift */; };
		4E7DFFA3260DB43A00ACF83B /* PersonalProfileViewController.swift in Sources */ = {isa = PBXBuildFile; fileRef = 4E7DFFA2260DB43A00ACF83B /* PersonalProfileViewController.swift */; };
		4E7DFFA8260DBAC700ACF83B /* MenuListController.swift in Sources */ = {isa = PBXBuildFile; fileRef = 4E7DFFA7260DBAC700ACF83B /* MenuListController.swift */; };
		4E7FB8C2261904CE007470CA /* SettingViewController.swift in Sources */ = {isa = PBXBuildFile; fileRef = 4E7FB8C1261904CE007470CA /* SettingViewController.swift */; };
		4E7FB8D326192F35007470CA /* EditAuthViewController.swift in Sources */ = {isa = PBXBuildFile; fileRef = 4E7FB8D226192F35007470CA /* EditAuthViewController.swift */; };
		4EC145DD261AADF6006E695F /* ChangeNameViewController.swift in Sources */ = {isa = PBXBuildFile; fileRef = 4EC145DC261AADF6006E695F /* ChangeNameViewController.swift */; };
		4EC145E6261AB171006E695F /* ChangePWViewController.swift in Sources */ = {isa = PBXBuildFile; fileRef = 4EC145E5261AB171006E695F /* ChangePWViewController.swift */; };
		4EFDE3CF26179F2200C555CD /* EditProfileViewController.swift in Sources */ = {isa = PBXBuildFile; fileRef = 4EFDE3CE26179F2200C555CD /* EditProfileViewController.swift */; };
		6A14C1A9260BD41100D71998 /* AppDelegate.swift in Sources */ = {isa = PBXBuildFile; fileRef = 6A14C1A8260BD41100D71998 /* AppDelegate.swift */; };
		6A14C1AB260BD41100D71998 /* SceneDelegate.swift in Sources */ = {isa = PBXBuildFile; fileRef = 6A14C1AA260BD41100D71998 /* SceneDelegate.swift */; };
		6A14C1B0260BD41100D71998 /* Main.storyboard in Resources */ = {isa = PBXBuildFile; fileRef = 6A14C1AE260BD41100D71998 /* Main.storyboard */; };
		6A14C1B2260BD41600D71998 /* Assets.xcassets in Resources */ = {isa = PBXBuildFile; fileRef = 6A14C1B1260BD41600D71998 /* Assets.xcassets */; };
		6A14C1B5260BD41600D71998 /* LaunchScreen.storyboard in Resources */ = {isa = PBXBuildFile; fileRef = 6A14C1B3260BD41600D71998 /* LaunchScreen.storyboard */; };
		6A14C1C0260BD41600D71998 /* Pow_WowTests.swift in Sources */ = {isa = PBXBuildFile; fileRef = 6A14C1BF260BD41600D71998 /* Pow_WowTests.swift */; };
		6A14C1CB260BD41600D71998 /* Pow_WowUITests.swift in Sources */ = {isa = PBXBuildFile; fileRef = 6A14C1CA260BD41600D71998 /* Pow_WowUITests.swift */; };
		6A14C1DC260BD46A00D71998 /* SignUpViewController.swift in Sources */ = {isa = PBXBuildFile; fileRef = 6A14C1DB260BD46A00D71998 /* SignUpViewController.swift */; };
		6A14C1E1260BD47700D71998 /* LoginViewController.swift in Sources */ = {isa = PBXBuildFile; fileRef = 6A14C1E0260BD47700D71998 /* LoginViewController.swift */; };
		6A14C1E6260BD48400D71998 /* FeedViewController.swift in Sources */ = {isa = PBXBuildFile; fileRef = 6A14C1E5260BD48400D71998 /* FeedViewController.swift */; };
		6A14C1F2260BD5D200D71998 /* InitialViewController.swift in Sources */ = {isa = PBXBuildFile; fileRef = 6A14C1F1260BD5D200D71998 /* InitialViewController.swift */; };
		6A88DF86261C1F72004044AD /* GoogleService-Info.plist in Resources */ = {isa = PBXBuildFile; fileRef = 6A88DF85261C1F72004044AD /* GoogleService-Info.plist */; };
		6A88DF8B261C20F0004044AD /* FirebaseAuthManager.swift in Sources */ = {isa = PBXBuildFile; fileRef = 6A88DF8A261C20F0004044AD /* FirebaseAuthManager.swift */; };
		7828A0342DEEBC578AAD4AEF /* Pods_Pow_Wow_Pow_WowUITests.framework in Frameworks */ = {isa = PBXBuildFile; fileRef = 0F2A5BDA187629783AB22C1F /* Pods_Pow_Wow_Pow_WowUITests.framework */; };
		A635AFEFE9F8F4F55DE7C8A6 /* Pods_Pow_Wow.framework in Frameworks */ = {isa = PBXBuildFile; fileRef = 5E16D17A95D26F209582368E /* Pods_Pow_Wow.framework */; };
/* End PBXBuildFile section */

/* Begin PBXContainerItemProxy section */
		6A14C1BC260BD41600D71998 /* PBXContainerItemProxy */ = {
			isa = PBXContainerItemProxy;
			containerPortal = 6A14C19D260BD41100D71998 /* Project object */;
			proxyType = 1;
			remoteGlobalIDString = 6A14C1A4260BD41100D71998;
			remoteInfo = "Pow Wow";
		};
		6A14C1C7260BD41600D71998 /* PBXContainerItemProxy */ = {
			isa = PBXContainerItemProxy;
			containerPortal = 6A14C19D260BD41100D71998 /* Project object */;
			proxyType = 1;
			remoteGlobalIDString = 6A14C1A4260BD41100D71998;
			remoteInfo = "Pow Wow";
		};
/* End PBXContainerItemProxy section */

/* Begin PBXFileReference section */
		0F2A5BDA187629783AB22C1F /* Pods_Pow_Wow_Pow_WowUITests.framework */ = {isa = PBXFileReference; explicitFileType = wrapper.framework; includeInIndex = 0; path = Pods_Pow_Wow_Pow_WowUITests.framework; sourceTree = BUILT_PRODUCTS_DIR; };
		4E7DFF19260BFFA900ACF83B /* HomePage.storyboard */ = {isa = PBXFileReference; lastKnownFileType = file.storyboard; path = HomePage.storyboard; sourceTree = "<group>"; };
		4E7DFF1E260BFFFC00ACF83B /* HomeViewController.swift */ = {isa = PBXFileReference; lastKnownFileType = sourcecode.swift; path = HomeViewController.swift; sourceTree = "<group>"; };
		4E7DFF29260C104200ACF83B /* ConsultantCollectionCell.swift */ = {isa = PBXFileReference; lastKnownFileType = sourcecode.swift; path = ConsultantCollectionCell.swift; sourceTree = "<group>"; };
		4E7DFFA2260DB43A00ACF83B /* PersonalProfileViewController.swift */ = {isa = PBXFileReference; lastKnownFileType = sourcecode.swift; path = PersonalProfileViewController.swift; sourceTree = "<group>"; };
		4E7DFFA7260DBAC700ACF83B /* MenuListController.swift */ = {isa = PBXFileReference; lastKnownFileType = sourcecode.swift; path = MenuListController.swift; sourceTree = "<group>"; };
		4E7FB8C1261904CE007470CA /* SettingViewController.swift */ = {isa = PBXFileReference; lastKnownFileType = sourcecode.swift; path = SettingViewController.swift; sourceTree = "<group>"; };
		4E7FB8D226192F35007470CA /* EditAuthViewController.swift */ = {isa = PBXFileReference; lastKnownFileType = sourcecode.swift; path = EditAuthViewController.swift; sourceTree = "<group>"; };
		4EC145DC261AADF6006E695F /* ChangeNameViewController.swift */ = {isa = PBXFileReference; lastKnownFileType = sourcecode.swift; path = ChangeNameViewController.swift; sourceTree = "<group>"; };
		4EC145E5261AB171006E695F /* ChangePWViewController.swift */ = {isa = PBXFileReference; lastKnownFileType = sourcecode.swift; path = ChangePWViewController.swift; sourceTree = "<group>"; };
		4EFDE3CE26179F2200C555CD /* EditProfileViewController.swift */ = {isa = PBXFileReference; lastKnownFileType = sourcecode.swift; path = EditProfileViewController.swift; sourceTree = "<group>"; };
		5E16D17A95D26F209582368E /* Pods_Pow_Wow.framework */ = {isa = PBXFileReference; explicitFileType = wrapper.framework; includeInIndex = 0; path = Pods_Pow_Wow.framework; sourceTree = BUILT_PRODUCTS_DIR; };
		6A14C1A5260BD41100D71998 /* Pow Wow.app */ = {isa = PBXFileReference; explicitFileType = wrapper.application; includeInIndex = 0; path = "Pow Wow.app"; sourceTree = BUILT_PRODUCTS_DIR; };
		6A14C1A8260BD41100D71998 /* AppDelegate.swift */ = {isa = PBXFileReference; lastKnownFileType = sourcecode.swift; path = AppDelegate.swift; sourceTree = "<group>"; };
		6A14C1AA260BD41100D71998 /* SceneDelegate.swift */ = {isa = PBXFileReference; lastKnownFileType = sourcecode.swift; path = SceneDelegate.swift; sourceTree = "<group>"; };
		6A14C1AF260BD41100D71998 /* Base */ = {isa = PBXFileReference; lastKnownFileType = file.storyboard; name = Base; path = Base.lproj/Main.storyboard; sourceTree = "<group>"; };
		6A14C1B1260BD41600D71998 /* Assets.xcassets */ = {isa = PBXFileReference; lastKnownFileType = folder.assetcatalog; path = Assets.xcassets; sourceTree = "<group>"; };
		6A14C1B4260BD41600D71998 /* Base */ = {isa = PBXFileReference; lastKnownFileType = file.storyboard; name = Base; path = Base.lproj/LaunchScreen.storyboard; sourceTree = "<group>"; };
		6A14C1B6260BD41600D71998 /* Info.plist */ = {isa = PBXFileReference; lastKnownFileType = text.plist.xml; path = Info.plist; sourceTree = "<group>"; };
		6A14C1BB260BD41600D71998 /* Pow WowTests.xctest */ = {isa = PBXFileReference; explicitFileType = wrapper.cfbundle; includeInIndex = 0; path = "Pow WowTests.xctest"; sourceTree = BUILT_PRODUCTS_DIR; };
		6A14C1BF260BD41600D71998 /* Pow_WowTests.swift */ = {isa = PBXFileReference; lastKnownFileType = sourcecode.swift; path = Pow_WowTests.swift; sourceTree = "<group>"; };
		6A14C1C1260BD41600D71998 /* Info.plist */ = {isa = PBXFileReference; lastKnownFileType = text.plist.xml; path = Info.plist; sourceTree = "<group>"; };
		6A14C1C6260BD41600D71998 /* Pow WowUITests.xctest */ = {isa = PBXFileReference; explicitFileType = wrapper.cfbundle; includeInIndex = 0; path = "Pow WowUITests.xctest"; sourceTree = BUILT_PRODUCTS_DIR; };
		6A14C1CA260BD41600D71998 /* Pow_WowUITests.swift */ = {isa = PBXFileReference; lastKnownFileType = sourcecode.swift; path = Pow_WowUITests.swift; sourceTree = "<group>"; };
		6A14C1CC260BD41600D71998 /* Info.plist */ = {isa = PBXFileReference; lastKnownFileType = text.plist.xml; path = Info.plist; sourceTree = "<group>"; };
		6A14C1DB260BD46A00D71998 /* SignUpViewController.swift */ = {isa = PBXFileReference; lastKnownFileType = sourcecode.swift; path = SignUpViewController.swift; sourceTree = "<group>"; };
		6A14C1E0260BD47700D71998 /* LoginViewController.swift */ = {isa = PBXFileReference; lastKnownFileType = sourcecode.swift; path = LoginViewController.swift; sourceTree = "<group>"; };
		6A14C1E5260BD48400D71998 /* FeedViewController.swift */ = {isa = PBXFileReference; lastKnownFileType = sourcecode.swift; path = FeedViewController.swift; sourceTree = "<group>"; };
		6A14C1F1260BD5D200D71998 /* InitialViewController.swift */ = {isa = PBXFileReference; lastKnownFileType = sourcecode.swift; path = InitialViewController.swift; sourceTree = "<group>"; };
		6A14C1FA260BECF900D71998 /* Pow-Wow-Logo.jpg */ = {isa = PBXFileReference; lastKnownFileType = image.jpeg; name = "Pow-Wow-Logo.jpg"; path = "/Users/j6/Desktop/Pow-Wow/Pow Wow/Pow Wow/Pow-Wow-Logo.jpg"; sourceTree = "<absolute>"; };
		6A14C1FB260BED0000D71998 /* Background.PNG */ = {isa = PBXFileReference; lastKnownFileType = image.png; name = Background.PNG; path = "/Users/j6/Desktop/Pow-Wow/Pow Wow/Pow Wow/Background.PNG"; sourceTree = "<absolute>"; };
		6A14C1FC260BED0200D71998 /* Pow-Wow-Logo-Transparent.PNG */ = {isa = PBXFileReference; lastKnownFileType = image.png; name = "Pow-Wow-Logo-Transparent.PNG"; path = "/Users/j6/Desktop/Pow-Wow/Pow Wow/Pow Wow/Pow-Wow-Logo-Transparent.PNG"; sourceTree = "<absolute>"; };
		6A88DF85261C1F72004044AD /* GoogleService-Info.plist */ = {isa = PBXFileReference; fileEncoding = 4; lastKnownFileType = text.plist.xml; name = "GoogleService-Info.plist"; path = "../../../GoogleService-Info.plist"; sourceTree = "<group>"; };
		6A88DF8A261C20F0004044AD /* FirebaseAuthManager.swift */ = {isa = PBXFileReference; lastKnownFileType = sourcecode.swift; path = FirebaseAuthManager.swift; sourceTree = "<group>"; };
		865B79F4A562808E7235BE8A /* Pods-Pow WowTests.debug.xcconfig */ = {isa = PBXFileReference; includeInIndex = 1; lastKnownFileType = text.xcconfig; name = "Pods-Pow WowTests.debug.xcconfig"; path = "Target Support Files/Pods-Pow WowTests/Pods-Pow WowTests.debug.xcconfig"; sourceTree = "<group>"; };
		9A9C14C8D61A9C60A0F9F661 /* Pods-Pow Wow.debug.xcconfig */ = {isa = PBXFileReference; includeInIndex = 1; lastKnownFileType = text.xcconfig; name = "Pods-Pow Wow.debug.xcconfig"; path = "Target Support Files/Pods-Pow Wow/Pods-Pow Wow.debug.xcconfig"; sourceTree = "<group>"; };
		B7064F80646F74DD9C6277A5 /* Pods-Pow WowTests.release.xcconfig */ = {isa = PBXFileReference; includeInIndex = 1; lastKnownFileType = text.xcconfig; name = "Pods-Pow WowTests.release.xcconfig"; path = "Target Support Files/Pods-Pow WowTests/Pods-Pow WowTests.release.xcconfig"; sourceTree = "<group>"; };
		BDAC5292D2C89CAC7FB8A7D7 /* Pods-Pow Wow.release.xcconfig */ = {isa = PBXFileReference; includeInIndex = 1; lastKnownFileType = text.xcconfig; name = "Pods-Pow Wow.release.xcconfig"; path = "Target Support Files/Pods-Pow Wow/Pods-Pow Wow.release.xcconfig"; sourceTree = "<group>"; };
		CB4E78F0E66AE15107503C2A /* Pods_Pow_WowTests.framework */ = {isa = PBXFileReference; explicitFileType = wrapper.framework; includeInIndex = 0; path = Pods_Pow_WowTests.framework; sourceTree = BUILT_PRODUCTS_DIR; };
		EA5B0DABCF6B3CAFC479DD50 /* Pods-Pow Wow-Pow WowUITests.release.xcconfig */ = {isa = PBXFileReference; includeInIndex = 1; lastKnownFileType = text.xcconfig; name = "Pods-Pow Wow-Pow WowUITests.release.xcconfig"; path = "Target Support Files/Pods-Pow Wow-Pow WowUITests/Pods-Pow Wow-Pow WowUITests.release.xcconfig"; sourceTree = "<group>"; };
		FD65A3A8721393112949B7A1 /* Pods-Pow Wow-Pow WowUITests.debug.xcconfig */ = {isa = PBXFileReference; includeInIndex = 1; lastKnownFileType = text.xcconfig; name = "Pods-Pow Wow-Pow WowUITests.debug.xcconfig"; path = "Target Support Files/Pods-Pow Wow-Pow WowUITests/Pods-Pow Wow-Pow WowUITests.debug.xcconfig"; sourceTree = "<group>"; };
/* End PBXFileReference section */

/* Begin PBXFrameworksBuildPhase section */
		6A14C1A2260BD41100D71998 /* Frameworks */ = {
			isa = PBXFrameworksBuildPhase;
			buildActionMask = 2147483647;
			files = (
				A635AFEFE9F8F4F55DE7C8A6 /* Pods_Pow_Wow.framework in Frameworks */,
			);
			runOnlyForDeploymentPostprocessing = 0;
		};
		6A14C1B8260BD41600D71998 /* Frameworks */ = {
			isa = PBXFrameworksBuildPhase;
			buildActionMask = 2147483647;
			files = (
				463ED5CD3A33C125DD89764E /* Pods_Pow_WowTests.framework in Frameworks */,
			);
			runOnlyForDeploymentPostprocessing = 0;
		};
		6A14C1C3260BD41600D71998 /* Frameworks */ = {
			isa = PBXFrameworksBuildPhase;
			buildActionMask = 2147483647;
			files = (
				7828A0342DEEBC578AAD4AEF /* Pods_Pow_Wow_Pow_WowUITests.framework in Frameworks */,
			);
			runOnlyForDeploymentPostprocessing = 0;
		};
/* End PBXFrameworksBuildPhase section */

/* Begin PBXGroup section */
		4EC145E4261AB147006E695F /* ChangeAuthViewController */ = {
			isa = PBXGroup;
			children = (
				4EC145DC261AADF6006E695F /* ChangeNameViewController.swift */,
				4E7FB8D226192F35007470CA /* EditAuthViewController.swift */,
				4EC145E5261AB171006E695F /* ChangePWViewController.swift */,
			);
			path = ChangeAuthViewController;
			sourceTree = "<group>";
		};
		6A14C19C260BD41100D71998 = {
			isa = PBXGroup;
			children = (
				6A14C1A7260BD41100D71998 /* Pow Wow */,
				6A14C1BE260BD41600D71998 /* Pow WowTests */,
				6A14C1C9260BD41600D71998 /* Pow WowUITests */,
				6A14C1A6260BD41100D71998 /* Products */,
				FE151047B2AA2ACC50EF72A1 /* Pods */,
				78EB1DEF52A5D4E42436218E /* Frameworks */,
			);
			sourceTree = "<group>";
		};
		6A14C1A6260BD41100D71998 /* Products */ = {
			isa = PBXGroup;
			children = (
				6A14C1A5260BD41100D71998 /* Pow Wow.app */,
				6A14C1BB260BD41600D71998 /* Pow WowTests.xctest */,
				6A14C1C6260BD41600D71998 /* Pow WowUITests.xctest */,
			);
			name = Products;
			sourceTree = "<group>";
		};
		6A14C1A7260BD41100D71998 /* Pow Wow */ = {
			isa = PBXGroup;
			children = (
				6A14C1A8260BD41100D71998 /* AppDelegate.swift */,
				6A14C1AA260BD41100D71998 /* SceneDelegate.swift */,
				6A14C1EA260BD48A00D71998 /* ViewControllers */,
				6A14C1AE260BD41100D71998 /* Main.storyboard */,
				6A14C1B3260BD41600D71998 /* LaunchScreen.storyboard */,
				4E7DFF19260BFFA900ACF83B /* HomePage.storyboard */,
				6A14C1B1260BD41600D71998 /* Assets.xcassets */,
				6A14C200260C014B00D71998 /* PowWowAssets */,
				6A14C1B6260BD41600D71998 /* Info.plist */,
				6A88DF85261C1F72004044AD /* GoogleService-Info.plist */,
				6A88DF8A261C20F0004044AD /* FirebaseAuthManager.swift */,
			);
			path = "Pow Wow";
			sourceTree = "<group>";
		};
		6A14C1BE260BD41600D71998 /* Pow WowTests */ = {
			isa = PBXGroup;
			children = (
				6A14C1BF260BD41600D71998 /* Pow_WowTests.swift */,
				6A14C1C1260BD41600D71998 /* Info.plist */,
			);
			path = "Pow WowTests";
			sourceTree = "<group>";
		};
		6A14C1C9260BD41600D71998 /* Pow WowUITests */ = {
			isa = PBXGroup;
			children = (
				6A14C1CA260BD41600D71998 /* Pow_WowUITests.swift */,
				6A14C1CC260BD41600D71998 /* Info.plist */,
			);
			path = "Pow WowUITests";
			sourceTree = "<group>";
		};
		6A14C1EA260BD48A00D71998 /* ViewControllers */ = {
			isa = PBXGroup;
			children = (
				4EC145E4261AB147006E695F /* ChangeAuthViewController */,
				4E7DFF1E260BFFFC00ACF83B /* HomeViewController.swift */,
				6A14C1DB260BD46A00D71998 /* SignUpViewController.swift */,
				6A14C1E0260BD47700D71998 /* LoginViewController.swift */,
				6A14C1E5260BD48400D71998 /* FeedViewController.swift */,
				6A14C1F1260BD5D200D71998 /* InitialViewController.swift */,
				4E7DFF29260C104200ACF83B /* ConsultantCollectionCell.swift */,
				4E7DFFA2260DB43A00ACF83B /* PersonalProfileViewController.swift */,
				4E7DFFA7260DBAC700ACF83B /* MenuListController.swift */,
				4EFDE3CE26179F2200C555CD /* EditProfileViewController.swift */,
				4E7FB8C1261904CE007470CA /* SettingViewController.swift */,
			);
			path = ViewControllers;
			sourceTree = "<group>";
		};
		6A14C200260C014B00D71998 /* PowWowAssets */ = {
			isa = PBXGroup;
			children = (
				6A14C1FC260BED0200D71998 /* Pow-Wow-Logo-Transparent.PNG */,
				6A14C1FB260BED0000D71998 /* Background.PNG */,
				6A14C1FA260BECF900D71998 /* Pow-Wow-Logo.jpg */,
			);
			path = PowWowAssets;
			sourceTree = "<group>";
		};
		78EB1DEF52A5D4E42436218E /* Frameworks */ = {
			isa = PBXGroup;
			children = (
				5E16D17A95D26F209582368E /* Pods_Pow_Wow.framework */,
				0F2A5BDA187629783AB22C1F /* Pods_Pow_Wow_Pow_WowUITests.framework */,
				CB4E78F0E66AE15107503C2A /* Pods_Pow_WowTests.framework */,
			);
			name = Frameworks;
			sourceTree = "<group>";
		};
		FE151047B2AA2ACC50EF72A1 /* Pods */ = {
			isa = PBXGroup;
			children = (
				9A9C14C8D61A9C60A0F9F661 /* Pods-Pow Wow.debug.xcconfig */,
				BDAC5292D2C89CAC7FB8A7D7 /* Pods-Pow Wow.release.xcconfig */,
				FD65A3A8721393112949B7A1 /* Pods-Pow Wow-Pow WowUITests.debug.xcconfig */,
				EA5B0DABCF6B3CAFC479DD50 /* Pods-Pow Wow-Pow WowUITests.release.xcconfig */,
				865B79F4A562808E7235BE8A /* Pods-Pow WowTests.debug.xcconfig */,
				B7064F80646F74DD9C6277A5 /* Pods-Pow WowTests.release.xcconfig */,
			);
			path = Pods;
			sourceTree = "<group>";
		};
/* End PBXGroup section */

/* Begin PBXNativeTarget section */
		6A14C1A4260BD41100D71998 /* Pow Wow */ = {
			isa = PBXNativeTarget;
			buildConfigurationList = 6A14C1CF260BD41600D71998 /* Build configuration list for PBXNativeTarget "Pow Wow" */;
			buildPhases = (
				0BCD0553CD6CA5D219800A24 /* [CP] Check Pods Manifest.lock */,
				6A14C1A1260BD41100D71998 /* Sources */,
				6A14C1A2260BD41100D71998 /* Frameworks */,
				6A14C1A3260BD41100D71998 /* Resources */,
				8C018825B5D4E8748D3BB4DD /* [CP] Embed Pods Frameworks */,
			);
			buildRules = (
			);
			dependencies = (
			);
			name = "Pow Wow";
			productName = "Pow Wow";
			productReference = 6A14C1A5260BD41100D71998 /* Pow Wow.app */;
			productType = "com.apple.product-type.application";
		};
		6A14C1BA260BD41600D71998 /* Pow WowTests */ = {
			isa = PBXNativeTarget;
			buildConfigurationList = 6A14C1D2260BD41600D71998 /* Build configuration list for PBXNativeTarget "Pow WowTests" */;
			buildPhases = (
				FA3287767AF72EB57FAA04AA /* [CP] Check Pods Manifest.lock */,
				6A14C1B7260BD41600D71998 /* Sources */,
				6A14C1B8260BD41600D71998 /* Frameworks */,
				6A14C1B9260BD41600D71998 /* Resources */,
			);
			buildRules = (
			);
			dependencies = (
				6A14C1BD260BD41600D71998 /* PBXTargetDependency */,
			);
			name = "Pow WowTests";
			productName = "Pow WowTests";
			productReference = 6A14C1BB260BD41600D71998 /* Pow WowTests.xctest */;
			productType = "com.apple.product-type.bundle.unit-test";
		};
		6A14C1C5260BD41600D71998 /* Pow WowUITests */ = {
			isa = PBXNativeTarget;
			buildConfigurationList = 6A14C1D5260BD41600D71998 /* Build configuration list for PBXNativeTarget "Pow WowUITests" */;
			buildPhases = (
				F1331BA13CAA9FC312B616B6 /* [CP] Check Pods Manifest.lock */,
				6A14C1C2260BD41600D71998 /* Sources */,
				6A14C1C3260BD41600D71998 /* Frameworks */,
				6A14C1C4260BD41600D71998 /* Resources */,
				69FC60A01F142871A88E81D5 /* [CP] Embed Pods Frameworks */,
			);
			buildRules = (
			);
			dependencies = (
				6A14C1C8260BD41600D71998 /* PBXTargetDependency */,
			);
			name = "Pow WowUITests";
			productName = "Pow WowUITests";
			productReference = 6A14C1C6260BD41600D71998 /* Pow WowUITests.xctest */;
			productType = "com.apple.product-type.bundle.ui-testing";
		};
/* End PBXNativeTarget section */

/* Begin PBXProject section */
		6A14C19D260BD41100D71998 /* Project object */ = {
			isa = PBXProject;
			attributes = {
				LastSwiftUpdateCheck = 1230;
				LastUpgradeCheck = 1230;
				TargetAttributes = {
					6A14C1A4260BD41100D71998 = {
						CreatedOnToolsVersion = 12.3;
					};
					6A14C1BA260BD41600D71998 = {
						CreatedOnToolsVersion = 12.3;
						TestTargetID = 6A14C1A4260BD41100D71998;
					};
					6A14C1C5260BD41600D71998 = {
						CreatedOnToolsVersion = 12.3;
						TestTargetID = 6A14C1A4260BD41100D71998;
					};
				};
			};
			buildConfigurationList = 6A14C1A0260BD41100D71998 /* Build configuration list for PBXProject "Pow Wow" */;
			compatibilityVersion = "Xcode 9.3";
			developmentRegion = en;
			hasScannedForEncodings = 0;
			knownRegions = (
				en,
				Base,
			);
			mainGroup = 6A14C19C260BD41100D71998;
			productRefGroup = 6A14C1A6260BD41100D71998 /* Products */;
			projectDirPath = "";
			projectRoot = "";
			targets = (
				6A14C1A4260BD41100D71998 /* Pow Wow */,
				6A14C1BA260BD41600D71998 /* Pow WowTests */,
				6A14C1C5260BD41600D71998 /* Pow WowUITests */,
			);
		};
/* End PBXProject section */

/* Begin PBXResourcesBuildPhase section */
		6A14C1A3260BD41100D71998 /* Resources */ = {
			isa = PBXResourcesBuildPhase;
			buildActionMask = 2147483647;
			files = (
				4E7DFF1A260BFFA900ACF83B /* HomePage.storyboard in Resources */,
				6A14C1B5260BD41600D71998 /* LaunchScreen.storyboard in Resources */,
				6A88DF86261C1F72004044AD /* GoogleService-Info.plist in Resources */,
				6A14C1B2260BD41600D71998 /* Assets.xcassets in Resources */,
				6A14C1B0260BD41100D71998 /* Main.storyboard in Resources */,
			);
			runOnlyForDeploymentPostprocessing = 0;
		};
		6A14C1B9260BD41600D71998 /* Resources */ = {
			isa = PBXResourcesBuildPhase;
			buildActionMask = 2147483647;
			files = (
			);
			runOnlyForDeploymentPostprocessing = 0;
		};
		6A14C1C4260BD41600D71998 /* Resources */ = {
			isa = PBXResourcesBuildPhase;
			buildActionMask = 2147483647;
			files = (
			);
			runOnlyForDeploymentPostprocessing = 0;
		};
/* End PBXResourcesBuildPhase section */

/* Begin PBXShellScriptBuildPhase section */
		0BCD0553CD6CA5D219800A24 /* [CP] Check Pods Manifest.lock */ = {
			isa = PBXShellScriptBuildPhase;
			buildActionMask = 2147483647;
			files = (
			);
			inputFileListPaths = (
			);
			inputPaths = (
				"${PODS_PODFILE_DIR_PATH}/Podfile.lock",
				"${PODS_ROOT}/Manifest.lock",
			);
			name = "[CP] Check Pods Manifest.lock";
			outputFileListPaths = (
			);
			outputPaths = (
				"$(DERIVED_FILE_DIR)/Pods-Pow Wow-checkManifestLockResult.txt",
			);
			runOnlyForDeploymentPostprocessing = 0;
			shellPath = /bin/sh;
			shellScript = "diff \"${PODS_PODFILE_DIR_PATH}/Podfile.lock\" \"${PODS_ROOT}/Manifest.lock\" > /dev/null\nif [ $? != 0 ] ; then\n    # print error to STDERR\n    echo \"error: The sandbox is not in sync with the Podfile.lock. Run 'pod install' or update your CocoaPods installation.\" >&2\n    exit 1\nfi\n# This output is used by Xcode 'outputs' to avoid re-running this script phase.\necho \"SUCCESS\" > \"${SCRIPT_OUTPUT_FILE_0}\"\n";
			showEnvVarsInLog = 0;
		};
		69FC60A01F142871A88E81D5 /* [CP] Embed Pods Frameworks */ = {
			isa = PBXShellScriptBuildPhase;
			buildActionMask = 2147483647;
			files = (
			);
			inputFileListPaths = (
				"${PODS_ROOT}/Target Support Files/Pods-Pow Wow-Pow WowUITests/Pods-Pow Wow-Pow WowUITests-frameworks-${CONFIGURATION}-input-files.xcfilelist",
			);
			name = "[CP] Embed Pods Frameworks";
			outputFileListPaths = (
				"${PODS_ROOT}/Target Support Files/Pods-Pow Wow-Pow WowUITests/Pods-Pow Wow-Pow WowUITests-frameworks-${CONFIGURATION}-output-files.xcfilelist",
			);
			runOnlyForDeploymentPostprocessing = 0;
			shellPath = /bin/sh;
			shellScript = "\"${PODS_ROOT}/Target Support Files/Pods-Pow Wow-Pow WowUITests/Pods-Pow Wow-Pow WowUITests-frameworks.sh\"\n";
			showEnvVarsInLog = 0;
		};
		8C018825B5D4E8748D3BB4DD /* [CP] Embed Pods Frameworks */ = {
			isa = PBXShellScriptBuildPhase;
			buildActionMask = 2147483647;
			files = (
			);
			inputFileListPaths = (
				"${PODS_ROOT}/Target Support Files/Pods-Pow Wow/Pods-Pow Wow-frameworks-${CONFIGURATION}-input-files.xcfilelist",
			);
			name = "[CP] Embed Pods Frameworks";
			outputFileListPaths = (
				"${PODS_ROOT}/Target Support Files/Pods-Pow Wow/Pods-Pow Wow-frameworks-${CONFIGURATION}-output-files.xcfilelist",
			);
			runOnlyForDeploymentPostprocessing = 0;
			shellPath = /bin/sh;
			shellScript = "\"${PODS_ROOT}/Target Support Files/Pods-Pow Wow/Pods-Pow Wow-frameworks.sh\"\n";
			showEnvVarsInLog = 0;
		};
		F1331BA13CAA9FC312B616B6 /* [CP] Check Pods Manifest.lock */ = {
			isa = PBXShellScriptBuildPhase;
			buildActionMask = 2147483647;
			files = (
			);
			inputFileListPaths = (
			);
			inputPaths = (
				"${PODS_PODFILE_DIR_PATH}/Podfile.lock",
				"${PODS_ROOT}/Manifest.lock",
			);
			name = "[CP] Check Pods Manifest.lock";
			outputFileListPaths = (
			);
			outputPaths = (
				"$(DERIVED_FILE_DIR)/Pods-Pow Wow-Pow WowUITests-checkManifestLockResult.txt",
			);
			runOnlyForDeploymentPostprocessing = 0;
			shellPath = /bin/sh;
			shellScript = "diff \"${PODS_PODFILE_DIR_PATH}/Podfile.lock\" \"${PODS_ROOT}/Manifest.lock\" > /dev/null\nif [ $? != 0 ] ; then\n    # print error to STDERR\n    echo \"error: The sandbox is not in sync with the Podfile.lock. Run 'pod install' or update your CocoaPods installation.\" >&2\n    exit 1\nfi\n# This output is used by Xcode 'outputs' to avoid re-running this script phase.\necho \"SUCCESS\" > \"${SCRIPT_OUTPUT_FILE_0}\"\n";
			showEnvVarsInLog = 0;
		};
		FA3287767AF72EB57FAA04AA /* [CP] Check Pods Manifest.lock */ = {
			isa = PBXShellScriptBuildPhase;
			buildActionMask = 2147483647;
			files = (
			);
			inputFileListPaths = (
			);
			inputPaths = (
				"${PODS_PODFILE_DIR_PATH}/Podfile.lock",
				"${PODS_ROOT}/Manifest.lock",
			);
			name = "[CP] Check Pods Manifest.lock";
			outputFileListPaths = (
			);
			outputPaths = (
				"$(DERIVED_FILE_DIR)/Pods-Pow WowTests-checkManifestLockResult.txt",
			);
			runOnlyForDeploymentPostprocessing = 0;
			shellPath = /bin/sh;
			shellScript = "diff \"${PODS_PODFILE_DIR_PATH}/Podfile.lock\" \"${PODS_ROOT}/Manifest.lock\" > /dev/null\nif [ $? != 0 ] ; then\n    # print error to STDERR\n    echo \"error: The sandbox is not in sync with the Podfile.lock. Run 'pod install' or update your CocoaPods installation.\" >&2\n    exit 1\nfi\n# This output is used by Xcode 'outputs' to avoid re-running this script phase.\necho \"SUCCESS\" > \"${SCRIPT_OUTPUT_FILE_0}\"\n";
			showEnvVarsInLog = 0;
		};
/* End PBXShellScriptBuildPhase section */

/* Begin PBXSourcesBuildPhase section */
		6A14C1A1260BD41100D71998 /* Sources */ = {
			isa = PBXSourcesBuildPhase;
			buildActionMask = 2147483647;
			files = (
				4EFDE3CF26179F2200C555CD /* EditProfileViewController.swift in Sources */,
				4E7DFF2A260C104200ACF83B /* ConsultantCollectionCell.swift in Sources */,
				6A88DF8B261C20F0004044AD /* FirebaseAuthManager.swift in Sources */,
				6A14C1A9260BD41100D71998 /* AppDelegate.swift in Sources */,
				4E7DFFA8260DBAC700ACF83B /* MenuListController.swift in Sources */,
				6A14C1DC260BD46A00D71998 /* SignUpViewController.swift in Sources */,
				4EC145E6261AB171006E695F /* ChangePWViewController.swift in Sources */,
				6A14C1E1260BD47700D71998 /* LoginViewController.swift in Sources */,
				6A14C1F2260BD5D200D71998 /* InitialViewController.swift in Sources */,
				6A14C1E6260BD48400D71998 /* FeedViewController.swift in Sources */,
				4E7DFF1F260BFFFC00ACF83B /* HomeViewController.swift in Sources */,
				4E7DFFA3260DB43A00ACF83B /* PersonalProfileViewController.swift in Sources */,
				4E7FB8D326192F35007470CA /* EditAuthViewController.swift in Sources */,
				6A14C1AB260BD41100D71998 /* SceneDelegate.swift in Sources */,
				4E7FB8C2261904CE007470CA /* SettingViewController.swift in Sources */,
				4EC145DD261AADF6006E695F /* ChangeNameViewController.swift in Sources */,
			);
			runOnlyForDeploymentPostprocessing = 0;
		};
		6A14C1B7260BD41600D71998 /* Sources */ = {
			isa = PBXSourcesBuildPhase;
			buildActionMask = 2147483647;
			files = (
				6A14C1C0260BD41600D71998 /* Pow_WowTests.swift in Sources */,
			);
			runOnlyForDeploymentPostprocessing = 0;
		};
		6A14C1C2260BD41600D71998 /* Sources */ = {
			isa = PBXSourcesBuildPhase;
			buildActionMask = 2147483647;
			files = (
				6A14C1CB260BD41600D71998 /* Pow_WowUITests.swift in Sources */,
			);
			runOnlyForDeploymentPostprocessing = 0;
		};
/* End PBXSourcesBuildPhase section */

/* Begin PBXTargetDependency section */
		6A14C1BD260BD41600D71998 /* PBXTargetDependency */ = {
			isa = PBXTargetDependency;
			target = 6A14C1A4260BD41100D71998 /* Pow Wow */;
			targetProxy = 6A14C1BC260BD41600D71998 /* PBXContainerItemProxy */;
		};
		6A14C1C8260BD41600D71998 /* PBXTargetDependency */ = {
			isa = PBXTargetDependency;
			target = 6A14C1A4260BD41100D71998 /* Pow Wow */;
			targetProxy = 6A14C1C7260BD41600D71998 /* PBXContainerItemProxy */;
		};
/* End PBXTargetDependency section */

/* Begin PBXVariantGroup section */
		6A14C1AE260BD41100D71998 /* Main.storyboard */ = {
			isa = PBXVariantGroup;
			children = (
				6A14C1AF260BD41100D71998 /* Base */,
			);
			name = Main.storyboard;
			sourceTree = "<group>";
		};
		6A14C1B3260BD41600D71998 /* LaunchScreen.storyboard */ = {
			isa = PBXVariantGroup;
			children = (
				6A14C1B4260BD41600D71998 /* Base */,
			);
			name = LaunchScreen.storyboard;
			sourceTree = "<group>";
		};
/* End PBXVariantGroup section */

/* Begin XCBuildConfiguration section */
		6A14C1CD260BD41600D71998 /* Debug */ = {
			isa = XCBuildConfiguration;
			buildSettings = {
				ALWAYS_SEARCH_USER_PATHS = NO;
				CLANG_ANALYZER_NONNULL = YES;
				CLANG_ANALYZER_NUMBER_OBJECT_CONVERSION = YES_AGGRESSIVE;
				CLANG_CXX_LANGUAGE_STANDARD = "gnu++14";
				CLANG_CXX_LIBRARY = "libc++";
				CLANG_ENABLE_MODULES = YES;
				CLANG_ENABLE_OBJC_ARC = YES;
				CLANG_ENABLE_OBJC_WEAK = YES;
				CLANG_WARN_BLOCK_CAPTURE_AUTORELEASING = YES;
				CLANG_WARN_BOOL_CONVERSION = YES;
				CLANG_WARN_COMMA = YES;
				CLANG_WARN_CONSTANT_CONVERSION = YES;
				CLANG_WARN_DEPRECATED_OBJC_IMPLEMENTATIONS = YES;
				CLANG_WARN_DIRECT_OBJC_ISA_USAGE = YES_ERROR;
				CLANG_WARN_DOCUMENTATION_COMMENTS = YES;
				CLANG_WARN_EMPTY_BODY = YES;
				CLANG_WARN_ENUM_CONVERSION = YES;
				CLANG_WARN_INFINITE_RECURSION = YES;
				CLANG_WARN_INT_CONVERSION = YES;
				CLANG_WARN_NON_LITERAL_NULL_CONVERSION = YES;
				CLANG_WARN_OBJC_IMPLICIT_RETAIN_SELF = YES;
				CLANG_WARN_OBJC_LITERAL_CONVERSION = YES;
				CLANG_WARN_OBJC_ROOT_CLASS = YES_ERROR;
				CLANG_WARN_QUOTED_INCLUDE_IN_FRAMEWORK_HEADER = YES;
				CLANG_WARN_RANGE_LOOP_ANALYSIS = YES;
				CLANG_WARN_STRICT_PROTOTYPES = YES;
				CLANG_WARN_SUSPICIOUS_MOVE = YES;
				CLANG_WARN_UNGUARDED_AVAILABILITY = YES_AGGRESSIVE;
				CLANG_WARN_UNREACHABLE_CODE = YES;
				CLANG_WARN__DUPLICATE_METHOD_MATCH = YES;
				COPY_PHASE_STRIP = NO;
				DEBUG_INFORMATION_FORMAT = dwarf;
				ENABLE_STRICT_OBJC_MSGSEND = YES;
				ENABLE_TESTABILITY = YES;
				GCC_C_LANGUAGE_STANDARD = gnu11;
				GCC_DYNAMIC_NO_PIC = NO;
				GCC_NO_COMMON_BLOCKS = YES;
				GCC_OPTIMIZATION_LEVEL = 0;
				GCC_PREPROCESSOR_DEFINITIONS = (
					"DEBUG=1",
					"$(inherited)",
				);
				GCC_WARN_64_TO_32_BIT_CONVERSION = YES;
				GCC_WARN_ABOUT_RETURN_TYPE = YES_ERROR;
				GCC_WARN_UNDECLARED_SELECTOR = YES;
				GCC_WARN_UNINITIALIZED_AUTOS = YES_AGGRESSIVE;
				GCC_WARN_UNUSED_FUNCTION = YES;
				GCC_WARN_UNUSED_VARIABLE = YES;
				IPHONEOS_DEPLOYMENT_TARGET = 14.3;
				MTL_ENABLE_DEBUG_INFO = INCLUDE_SOURCE;
				MTL_FAST_MATH = YES;
				ONLY_ACTIVE_ARCH = YES;
				SDKROOT = iphoneos;
				SWIFT_ACTIVE_COMPILATION_CONDITIONS = DEBUG;
				SWIFT_OPTIMIZATION_LEVEL = "-Onone";
			};
			name = Debug;
		};
		6A14C1CE260BD41600D71998 /* Release */ = {
			isa = XCBuildConfiguration;
			buildSettings = {
				ALWAYS_SEARCH_USER_PATHS = NO;
				CLANG_ANALYZER_NONNULL = YES;
				CLANG_ANALYZER_NUMBER_OBJECT_CONVERSION = YES_AGGRESSIVE;
				CLANG_CXX_LANGUAGE_STANDARD = "gnu++14";
				CLANG_CXX_LIBRARY = "libc++";
				CLANG_ENABLE_MODULES = YES;
				CLANG_ENABLE_OBJC_ARC = YES;
				CLANG_ENABLE_OBJC_WEAK = YES;
				CLANG_WARN_BLOCK_CAPTURE_AUTORELEASING = YES;
				CLANG_WARN_BOOL_CONVERSION = YES;
				CLANG_WARN_COMMA = YES;
				CLANG_WARN_CONSTANT_CONVERSION = YES;
				CLANG_WARN_DEPRECATED_OBJC_IMPLEMENTATIONS = YES;
				CLANG_WARN_DIRECT_OBJC_ISA_USAGE = YES_ERROR;
				CLANG_WARN_DOCUMENTATION_COMMENTS = YES;
				CLANG_WARN_EMPTY_BODY = YES;
				CLANG_WARN_ENUM_CONVERSION = YES;
				CLANG_WARN_INFINITE_RECURSION = YES;
				CLANG_WARN_INT_CONVERSION = YES;
				CLANG_WARN_NON_LITERAL_NULL_CONVERSION = YES;
				CLANG_WARN_OBJC_IMPLICIT_RETAIN_SELF = YES;
				CLANG_WARN_OBJC_LITERAL_CONVERSION = YES;
				CLANG_WARN_OBJC_ROOT_CLASS = YES_ERROR;
				CLANG_WARN_QUOTED_INCLUDE_IN_FRAMEWORK_HEADER = YES;
				CLANG_WARN_RANGE_LOOP_ANALYSIS = YES;
				CLANG_WARN_STRICT_PROTOTYPES = YES;
				CLANG_WARN_SUSPICIOUS_MOVE = YES;
				CLANG_WARN_UNGUARDED_AVAILABILITY = YES_AGGRESSIVE;
				CLANG_WARN_UNREACHABLE_CODE = YES;
				CLANG_WARN__DUPLICATE_METHOD_MATCH = YES;
				COPY_PHASE_STRIP = NO;
				DEBUG_INFORMATION_FORMAT = "dwarf-with-dsym";
				ENABLE_NS_ASSERTIONS = NO;
				ENABLE_STRICT_OBJC_MSGSEND = YES;
				GCC_C_LANGUAGE_STANDARD = gnu11;
				GCC_NO_COMMON_BLOCKS = YES;
				GCC_WARN_64_TO_32_BIT_CONVERSION = YES;
				GCC_WARN_ABOUT_RETURN_TYPE = YES_ERROR;
				GCC_WARN_UNDECLARED_SELECTOR = YES;
				GCC_WARN_UNINITIALIZED_AUTOS = YES_AGGRESSIVE;
				GCC_WARN_UNUSED_FUNCTION = YES;
				GCC_WARN_UNUSED_VARIABLE = YES;
				IPHONEOS_DEPLOYMENT_TARGET = 14.3;
				MTL_ENABLE_DEBUG_INFO = NO;
				MTL_FAST_MATH = YES;
				SDKROOT = iphoneos;
				SWIFT_COMPILATION_MODE = wholemodule;
				SWIFT_OPTIMIZATION_LEVEL = "-O";
				VALIDATE_PRODUCT = YES;
			};
			name = Release;
		};
		6A14C1D0260BD41600D71998 /* Debug */ = {
			isa = XCBuildConfiguration;
			baseConfigurationReference = 9A9C14C8D61A9C60A0F9F661 /* Pods-Pow Wow.debug.xcconfig */;
			buildSettings = {
				ASSETCATALOG_COMPILER_APPICON_NAME = AppIcon;
				ASSETCATALOG_COMPILER_GLOBAL_ACCENT_COLOR_NAME = AccentColor;
				CODE_SIGN_STYLE = Automatic;
				INFOPLIST_FILE = "Pow Wow/Info.plist";
				LD_RUNPATH_SEARCH_PATHS = (
					"$(inherited)",
					"@executable_path/Frameworks",
				);
				PRODUCT_BUNDLE_IDENTIFIER = "com.pow-wow.Pow-Wow";
				PRODUCT_NAME = "$(TARGET_NAME)";
				SWIFT_VERSION = 5.0;
				TARGETED_DEVICE_FAMILY = "1,2";
			};
			name = Debug;
		};
		6A14C1D1260BD41600D71998 /* Release */ = {
			isa = XCBuildConfiguration;
			baseConfigurationReference = BDAC5292D2C89CAC7FB8A7D7 /* Pods-Pow Wow.release.xcconfig */;
			buildSettings = {
				ASSETCATALOG_COMPILER_APPICON_NAME = AppIcon;
				ASSETCATALOG_COMPILER_GLOBAL_ACCENT_COLOR_NAME = AccentColor;
				CODE_SIGN_STYLE = Automatic;
				INFOPLIST_FILE = "Pow Wow/Info.plist";
				LD_RUNPATH_SEARCH_PATHS = (
					"$(inherited)",
					"@executable_path/Frameworks",
				);
				PRODUCT_BUNDLE_IDENTIFIER = "com.pow-wow.Pow-Wow";
				PRODUCT_NAME = "$(TARGET_NAME)";
				SWIFT_VERSION = 5.0;
				TARGETED_DEVICE_FAMILY = "1,2";
			};
			name = Release;
		};
		6A14C1D3260BD41600D71998 /* Debug */ = {
			isa = XCBuildConfiguration;
			baseConfigurationReference = 865B79F4A562808E7235BE8A /* Pods-Pow WowTests.debug.xcconfig */;
			buildSettings = {
				ALWAYS_EMBED_SWIFT_STANDARD_LIBRARIES = YES;
				BUNDLE_LOADER = "$(TEST_HOST)";
				CODE_SIGN_STYLE = Automatic;
				INFOPLIST_FILE = "Pow WowTests/Info.plist";
				IPHONEOS_DEPLOYMENT_TARGET = 14.3;
				LD_RUNPATH_SEARCH_PATHS = (
					"$(inherited)",
					"@executable_path/Frameworks",
					"@loader_path/Frameworks",
				);
				PRODUCT_BUNDLE_IDENTIFIER = "com.pow-wow.Pow-WowTests";
				PRODUCT_NAME = "$(TARGET_NAME)";
				SWIFT_VERSION = 5.0;
				TARGETED_DEVICE_FAMILY = "1,2";
				TEST_HOST = "$(BUILT_PRODUCTS_DIR)/Pow Wow.app/Pow Wow";
			};
			name = Debug;
		};
		6A14C1D4260BD41600D71998 /* Release */ = {
			isa = XCBuildConfiguration;
			baseConfigurationReference = B7064F80646F74DD9C6277A5 /* Pods-Pow WowTests.release.xcconfig */;
			buildSettings = {
				ALWAYS_EMBED_SWIFT_STANDARD_LIBRARIES = YES;
				BUNDLE_LOADER = "$(TEST_HOST)";
				CODE_SIGN_STYLE = Automatic;
				INFOPLIST_FILE = "Pow WowTests/Info.plist";
				IPHONEOS_DEPLOYMENT_TARGET = 14.3;
				LD_RUNPATH_SEARCH_PATHS = (
					"$(inherited)",
					"@executable_path/Frameworks",
					"@loader_path/Frameworks",
				);
				PRODUCT_BUNDLE_IDENTIFIER = "com.pow-wow.Pow-WowTests";
				PRODUCT_NAME = "$(TARGET_NAME)";
				SWIFT_VERSION = 5.0;
				TARGETED_DEVICE_FAMILY = "1,2";
				TEST_HOST = "$(BUILT_PRODUCTS_DIR)/Pow Wow.app/Pow Wow";
			};
			name = Release;
		};
		6A14C1D6260BD41600D71998 /* Debug */ = {
			isa = XCBuildConfiguration;
			baseConfigurationReference = FD65A3A8721393112949B7A1 /* Pods-Pow Wow-Pow WowUITests.debug.xcconfig */;
			buildSettings = {
				ALWAYS_EMBED_SWIFT_STANDARD_LIBRARIES = YES;
				CODE_SIGN_STYLE = Automatic;
				INFOPLIST_FILE = "Pow WowUITests/Info.plist";
				LD_RUNPATH_SEARCH_PATHS = (
					"$(inherited)",
					"@executable_path/Frameworks",
					"@loader_path/Frameworks",
				);
				PRODUCT_BUNDLE_IDENTIFIER = "com.pow-wow.Pow-WowUITests";
				PRODUCT_NAME = "$(TARGET_NAME)";
				SWIFT_VERSION = 5.0;
				TARGETED_DEVICE_FAMILY = "1,2";
				TEST_TARGET_NAME = "Pow Wow";
			};
			name = Debug;
		};
		6A14C1D7260BD41600D71998 /* Release */ = {
			isa = XCBuildConfiguration;
			baseConfigurationReference = EA5B0DABCF6B3CAFC479DD50 /* Pods-Pow Wow-Pow WowUITests.release.xcconfig */;
			buildSettings = {
				ALWAYS_EMBED_SWIFT_STANDARD_LIBRARIES = YES;
				CODE_SIGN_STYLE = Automatic;
				INFOPLIST_FILE = "Pow WowUITests/Info.plist";
				LD_RUNPATH_SEARCH_PATHS = (
					"$(inherited)",
					"@executable_path/Frameworks",
					"@loader_path/Frameworks",
				);
				PRODUCT_BUNDLE_IDENTIFIER = "com.pow-wow.Pow-WowUITests";
				PRODUCT_NAME = "$(TARGET_NAME)";
				SWIFT_VERSION = 5.0;
				TARGETED_DEVICE_FAMILY = "1,2";
				TEST_TARGET_NAME = "Pow Wow";
			};
			name = Release;
		};
/* End XCBuildConfiguration section */

/* Begin XCConfigurationList section */
		6A14C1A0260BD41100D71998 /* Build configuration list for PBXProject "Pow Wow" */ = {
			isa = XCConfigurationList;
			buildConfigurations = (
				6A14C1CD260BD41600D71998 /* Debug */,
				6A14C1CE260BD41600D71998 /* Release */,
			);
			defaultConfigurationIsVisible = 0;
			defaultConfigurationName = Release;
		};
		6A14C1CF260BD41600D71998 /* Build configuration list for PBXNativeTarget "Pow Wow" */ = {
			isa = XCConfigurationList;
			buildConfigurations = (
				6A14C1D0260BD41600D71998 /* Debug */,
				6A14C1D1260BD41600D71998 /* Release */,
			);
			defaultConfigurationIsVisible = 0;
			defaultConfigurationName = Release;
		};
		6A14C1D2260BD41600D71998 /* Build configuration list for PBXNativeTarget "Pow WowTests" */ = {
			isa = XCConfigurationList;
			buildConfigurations = (
				6A14C1D3260BD41600D71998 /* Debug */,
				6A14C1D4260BD41600D71998 /* Release */,
			);
			defaultConfigurationIsVisible = 0;
			defaultConfigurationName = Release;
		};
		6A14C1D5260BD41600D71998 /* Build configuration list for PBXNativeTarget "Pow WowUITests" */ = {
			isa = XCConfigurationList;
			buildConfigurations = (
				6A14C1D6260BD41600D71998 /* Debug */,
				6A14C1D7260BD41600D71998 /* Release */,
			);
			defaultConfigurationIsVisible = 0;
			defaultConfigurationName = Release;
		};
/* End XCConfigurationList section */
	};
	rootObject = 6A14C19D260BD41100D71998 /* Project object */;
}
